<?xml version="1.0" encoding="utf-8"?>
<Project ToolsVersion="15.0" xmlns="http://schemas.microsoft.com/developer/msbuild/2003">
  <ItemGroup>
    <ClCompile Include=".\src\tools.cpp">
      <Filter>Source Files</Filter>
    </ClCompile>
    <ClCompile Include=".\src\unzipper.cpp">
      <Filter>Source Files</Filter>
    </ClCompile>
    <ClCompile Include=".\src\zipper.cpp">
      <Filter>Source Files</Filter>
    </ClCompile>
    <ClCompile Include=".\src\minizip\ioapi.c">
      <Filter>minizip</Filter>
    </ClCompile>
    <ClCompile Include=".\src\minizip\ioapi_buf.c">
      <Filter>minizip</Filter>
    </ClCompile>
    <ClCompile Include=".\src\minizip\ioapi_mem.c">
      <Filter>minizip</Filter>
    </ClCompile>
    <ClCompile Include=".\src\minizip\iowin32.c">
      <Filter>minizip</Filter>
    </ClCompile>
    <ClCompile Include=".\src\minizip\unzip.c">
      <Filter>minizip</Filter>
    </ClCompile>
    <ClCompile Include=".\src\minizip\zip.c">
      <Filter>minizip</Filter>
    </ClCompile>
  </ItemGroup>
  <ItemGroup>
    <ClInclude Include=".\include\easyzip\easyzip.h">
      <Filter>Header Files</Filter>
    </ClInclude>
    <ClInclude Include=".\src\defs.h">
      <Filter>Source Files</Filter>
    </ClInclude>
    <ClInclude Include=".\src\filesystem.hpp">
      <Filter>Source Files</Filter>
    </ClInclude>
    <ClInclude Include=".\src\tools.h">
      <Filter>Source Files</Filter>
    </ClInclude>
    <ClInclude Include=".\src\minizip\crypt.h">
      <Filter>minizip</Filter>
    </ClInclude>
    <ClInclude Include=".\src\minizip\ioapi.h">
      <Filter>minizip</Filter>
    </ClInclude>
    <ClInclude Include=".\src\minizip\ioapi_buf.h">
      <Filter>minizip</Filter>
    </ClInclude>
    <ClInclude Include=".\src\minizip\ioapi_mem.h">
      <Filter>minizip</Filter>
    </ClInclude>
    <ClInclude Include=".\src\minizip\iowin32.h">
      <Filter>minizip</Filter>
    </ClInclude>
    <ClInclude Include=".\src\minizip\unzip.h">
      <Filter>minizip</Filter>
    </ClInclude>
    <ClInclude Include=".\src\minizip\zip.h">
      <Filter>minizip</Filter>
    </ClInclude>
  </ItemGroup>
  <ItemGroup>
    <Filter Include="Header Files">
      <UniqueIdentifier>{EC601E07-9212-3289-BA63-07DFD35F1D8B}</UniqueIdentifier>
    </Filter>
    <Filter Include="Source Files">
      <UniqueIdentifier>{929EC74C-738F-32AE-A0C1-9BE807AE639F}</UniqueIdentifier>
    </Filter>
    <Filter Include="minizip">
      <UniqueIdentifier>{B99AD41C-9EFD-3CAA-B47F-6E3F97B411C9}</UniqueIdentifier>
    </Filter>
  </ItemGroup>
</Project>
